# This file is automatically @generated by Cargo.
# It is not intended for manual editing.
[[package]]
name = "resize"
version = "0.3.1"
source = "registry+https://github.com/rust-lang/crates.io-index"
checksum = "b9e653e390eafbfebb2b3c5fcfbc90d801bc410d0de1f44f266ffbf2151d28aa"

[[package]]
name = "transcoder"
version = "0.1.0"
dependencies = [
 "resize",
 "y4m",
]

[[package]]
name = "y4m"
version = "0.5.0"
source = "registry+https://github.com/rust-lang/crates.io-index"
checksum = "598d64cbd5f447588f38759fd349e1fa6f3a292e9dfbcffa509491894761e819"
